
Microsoft Visual Studio Solution File, Format Version 12.00
# Visual Studio Version 17
VisualStudioVersion = 17.5.33424.131
MinimumVisualStudioVersion = 10.0.40219.1
Project("{FAE04EC0-301F-11D3-BF4B-00C04F79EFBC}") = "TwoSum", "TwoSum\TwoSum.csproj", "{DB9B5A79-9DA9-46F0-93AD-616E610D794B}"
EndProject
Global
	GlobalSection(SolutionConfigurationPlatforms) = preSolution
		Debug|Any CPU = Debug|Any CPU
		Release|Any CPU = Release|Any CPU
	EndGlobalSection
	GlobalSection(ProjectConfigurationPlatforms) = postSolution
		{DB9B5A79-9DA9-46F0-93AD-616E610D794B}.Debug|Any CPU.ActiveCfg = Debug|Any CPU
		{DB9B5A79-9DA9-46F0-93AD-616E610D794B}.Debug|Any CPU.Build.0 = Debug|Any CPU
		{DB9B5A79-9DA9-46F0-93AD-616E610D794B}.Release|Any CPU.ActiveCfg = Release|Any CPU
		{DB9B5A79-9DA9-46F0-93AD-616E610D794B}.Release|Any CPU.Build.0 = Release|Any CPU
	EndGlobalSection
	GlobalSection(SolutionProperties) = preSolution
		HideSolutionNode = FALSE
	EndGlobalSection
	GlobalSection(ExtensibilityGlobals) = postSolution
		SolutionGuid = {A9740914-C3AF-403B-870C-F50EF395E47B}
	EndGlobalSection
EndGlobal
